// !$*UTF8*$!
{
	archiveVersion = 1;
	classes = {
	};
	objectVersion = 50;
	objects = {

/* Begin PBXBuildFile section */
		4D0577B522887227006DBA73 /* AppDelegate.m in Sources */ = {isa = PBXBuildFile; fileRef = 4D0577B422887227006DBA73 /* AppDelegate.m */; };
		4D0577B822887227006DBA73 /* ViewController.m in Sources */ = {isa = PBXBuildFile; fileRef = 4D0577B722887227006DBA73 /* ViewController.m */; };
		4D0577BA22887228006DBA73 /* Assets.xcassets in Resources */ = {isa = PBXBuildFile; fileRef = 4D0577B922887228006DBA73 /* Assets.xcassets */; };
		4D0577BD22887228006DBA73 /* Main.storyboard in Resources */ = {isa = PBXBuildFile; fileRef = 4D0577BB22887228006DBA73 /* Main.storyboard */; };
		4D0577C022887228006DBA73 /* main.m in Sources */ = {isa = PBXBuildFile; fileRef = 4D0577BF22887228006DBA73 /* main.m */; };
		4D0577CB22887228006DBA73 /* opengl_exercisesTests.m in Sources */ = {isa = PBXBuildFile; fileRef = 4D0577CA22887228006DBA73 /* opengl_exercisesTests.m */; };
		4D0577D622887228006DBA73 /* opengl_exercisesUITests.m in Sources */ = {isa = PBXBuildFile; fileRef = 4D0577D522887228006DBA73 /* opengl_exercisesUITests.m */; };
/* End PBXBuildFile section */

/* Begin PBXContainerItemProxy section */
		4D0577C722887228006DBA73 /* PBXContainerItemProxy */ = {
			isa = PBXContainerItemProxy;
			containerPortal = 4D0577A822887227006DBA73 /* Project object */;
			proxyType = 1;
			remoteGlobalIDString = 4D0577AF22887227006DBA73;
			remoteInfo = "opengl-exercises";
		};
		4D0577D222887228006DBA73 /* PBXContainerItemProxy */ = {
			isa = PBXContainerItemProxy;
			containerPortal = 4D0577A822887227006DBA73 /* Project object */;
			proxyType = 1;
			remoteGlobalIDString = 4D0577AF22887227006DBA73;
			remoteInfo = "opengl-exercises";
		};
/* End PBXContainerItemProxy section */

/* Begin PBXFileReference section */
		4D0577B022887227006DBA73 /* opengl-exercises.app */ = {isa = PBXFileReference; explicitFileType = wrapper.application; includeInIndex = 0; path = "opengl-exercises.app"; sourceTree = BUILT_PRODUCTS_DIR; };
		4D0577B322887227006DBA73 /* AppDelegate.h */ = {isa = PBXFileReference; lastKnownFileType = sourcecode.c.h; path = AppDelegate.h; sourceTree = "<group>"; };
		4D0577B422887227006DBA73 /* AppDelegate.m */ = {isa = PBXFileReference; lastKnownFileType = sourcecode.c.objc; path = AppDelegate.m; sourceTree = "<group>"; };
		4D0577B622887227006DBA73 /* ViewController.h */ = {isa = PBXFileReference; lastKnownFileType = sourcecode.c.h; path = ViewController.h; sourceTree = "<group>"; };
		4D0577B722887227006DBA73 /* ViewController.m */ = {isa = PBXFileReference; lastKnownFileType = sourcecode.c.objc; path = ViewController.m; sourceTree = "<group>"; };
		4D0577B922887228006DBA73 /* Assets.xcassets */ = {isa = PBXFileReference; lastKnownFileType = folder.assetcatalog; path = Assets.xcassets; sourceTree = "<group>"; };
		4D0577BC22887228006DBA73 /* Base */ = {isa = PBXFileReference; lastKnownFileType = file.storyboard; name = Base; path = Base.lproj/Main.storyboard; sourceTree = "<group>"; };
		4D0577BE22887228006DBA73 /* Info.plist */ = {isa = PBXFileReference; lastKnownFileType = text.plist.xml; path = Info.plist; sourceTree = "<group>"; };
		4D0577BF22887228006DBA73 /* main.m */ = {isa = PBXFileReference; lastKnownFileType = sourcecode.c.objc; path = main.m; sourceTree = "<group>"; };
		4D0577C122887228006DBA73 /* opengl_exercises.entitlements */ = {isa = PBXFileReference; lastKnownFileType = text.plist.entitlements; path = opengl_exercises.entitlements; sourceTree = "<group>"; };
		4D0577C622887228006DBA73 /* opengl-exercisesTests.xctest */ = {isa = PBXFileReference; explicitFileType = wrapper.cfbundle; includeInIndex = 0; path = "opengl-exercisesTests.xctest"; sourceTree = BUILT_PRODUCTS_DIR; };
		4D0577CA22887228006DBA73 /* opengl_exercisesTests.m */ = {isa = PBXFileReference; lastKnownFileType = sourcecode.c.objc; path = opengl_exercisesTests.m; sourceTree = "<group>"; };
		4D0577CC22887228006DBA73 /* Info.plist */ = {isa = PBXFileReference; lastKnownFileType = text.plist.xml; path = Info.plist; sourceTree = "<group>"; };
		4D0577D122887228006DBA73 /* opengl-exercisesUITests.xctest */ = {isa = PBXFileReference; explicitFileType = wrapper.cfbundle; includeInIndex = 0; path = "opengl-exercisesUITests.xctest"; sourceTree = BUILT_PRODUCTS_DIR; };
		4D0577D522887228006DBA73 /* opengl_exercisesUITests.m */ = {isa = PBXFileReference; lastKnownFileType = sourcecode.c.objc; path = opengl_exercisesUITests.m; sourceTree = "<group>"; };
		4D0577D722887228006DBA73 /* Info.plist */ = {isa = PBXFileReference; lastKnownFileType = text.plist.xml; path = Info.plist; sourceTree = "<group>"; };
/* End PBXFileReference section */

/* Begin PBXFrameworksBuildPhase section */
		4D0577AD22887227006DBA73 /* Frameworks */ = {
			isa = PBXFrameworksBuildPhase;
			buildActionMask = 2147483647;
			files = (
			);
			runOnlyForDeploymentPostprocessing = 0;
		};
		4D0577C322887228006DBA73 /* Frameworks */ = {
			isa = PBXFrameworksBuildPhase;
			buildActionMask = 2147483647;
			files = (
			);
			runOnlyForDeploymentPostprocessing = 0;
		};
		4D0577CE22887228006DBA73 /* Frameworks */ = {
			isa = PBXFrameworksBuildPhase;
			buildActionMask = 2147483647;
			files = (
			);
			runOnlyForDeploymentPostprocessing = 0;
		};
/* End PBXFrameworksBuildPhase section */

/* Begin PBXGroup section */
		4D0577A722887227006DBA73 = {
			isa = PBXGroup;
			children = (
				4D0577B222887227006DBA73 /* opengl-exercises */,
				4D0577C922887228006DBA73 /* opengl-exercisesTests */,
				4D0577D422887228006DBA73 /* opengl-exercisesUITests */,
				4D0577B122887227006DBA73 /* Products */,
			);
			sourceTree = "<group>";
		};
		4D0577B122887227006DBA73 /* Products */ = {
			isa = PBXGroup;
			children = (
				4D0577B022887227006DBA73 /* opengl-exercises.app */,
				4D0577C622887228006DBA73 /* opengl-exercisesTests.xctest */,
				4D0577D122887228006DBA73 /* opengl-exercisesUITests.xctest */,
			);
			name = Products;
			sourceTree = "<group>";
		};
		4D0577B222887227006DBA73 /* opengl-exercises */ = {
			isa = PBXGroup;
			children = (
				4D0577B322887227006DBA73 /* AppDelegate.h */,
				4D0577B422887227006DBA73 /* AppDelegate.m */,
				4D0577B622887227006DBA73 /* ViewController.h */,
				4D0577B722887227006DBA73 /* ViewController.m */,
				4D0577B922887228006DBA73 /* Assets.xcassets */,
				4D0577BB22887228006DBA73 /* Main.storyboard */,
				4D0577BE22887228006DBA73 /* Info.plist */,
				4D0577BF22887228006DBA73 /* main.m */,
				4D0577C122887228006DBA73 /* opengl_exercises.entitlements */,
			);
			path = "opengl-exercises";
			sourceTree = "<group>";
		};
		4D0577C922887228006DBA73 /* opengl-exercisesTests */ = {
			isa = PBXGroup;
			children = (
				4D0577CA22887228006DBA73 /* opengl_exercisesTests.m */,
				4D0577CC22887228006DBA73 /* Info.plist */,
			);
			path = "opengl-exercisesTests";
			sourceTree = "<group>";
		};
		4D0577D422887228006DBA73 /* opengl-exercisesUITests */ = {
			isa = PBXGroup;
			children = (
				4D0577D522887228006DBA73 /* opengl_exercisesUITests.m */,
				4D0577D722887228006DBA73 /* Info.plist */,
			);
			path = "opengl-exercisesUITests";
			sourceTree = "<group>";
		};
/* End PBXGroup section */

/* Begin PBXNativeTarget section */
		4D0577AF22887227006DBA73 /* opengl-exercises */ = {
			isa = PBXNativeTarget;
			buildConfigurationList = 4D0577DA22887228006DBA73 /* Build configuration list for PBXNativeTarget "opengl-exercises" */;
			buildPhases = (
				4D0577AC22887227006DBA73 /* Sources */,
				4D0577AD22887227006DBA73 /* Frameworks */,
				4D0577AE22887227006DBA73 /* Resources */,
			);
			buildRules = (
			);
			dependencies = (
			);
			name = "opengl-exercises";
			productName = "opengl-exercises";
			productReference = 4D0577B022887227006DBA73 /* opengl-exercises.app */;
			productType = "com.apple.product-type.application";
		};
		4D0577C522887228006DBA73 /* opengl-exercisesTests */ = {
			isa = PBXNativeTarget;
			buildConfigurationList = 4D0577DD22887228006DBA73 /* Build configuration list for PBXNativeTarget "opengl-exercisesTests" */;
			buildPhases = (
				4D0577C222887228006DBA73 /* Sources */,
				4D0577C322887228006DBA73 /* Frameworks */,
				4D0577C422887228006DBA73 /* Resources */,
			);
			buildRules = (
			);
			dependencies = (
				4D0577C822887228006DBA73 /* PBXTargetDependency */,
			);
			name = "opengl-exercisesTests";
			productName = "opengl-exercisesTests";
			productReference = 4D0577C622887228006DBA73 /* opengl-exercisesTests.xctest */;
			productType = "com.apple.product-type.bundle.unit-test";
		};
		4D0577D022887228006DBA73 /* opengl-exercisesUITests */ = {
			isa = PBXNativeTarget;
			buildConfigurationList = 4D0577E022887228006DBA73 /* Build configuration list for PBXNativeTarget "opengl-exercisesUITests" */;
			buildPhases = (
				4D0577CD22887228006DBA73 /* Sources */,
				4D0577CE22887228006DBA73 /* Frameworks */,
				4D0577CF22887228006DBA73 /* Resources */,
			);
			buildRules = (
			);
			dependencies = (
				4D0577D322887228006DBA73 /* PBXTargetDependency */,
			);
			name = "opengl-exercisesUITests";
			productName = "opengl-exercisesUITests";
			productReference = 4D0577D122887228006DBA73 /* opengl-exercisesUITests.xctest */;
			productType = "com.apple.product-type.bundle.ui-testing";
		};
/* End PBXNativeTarget section */

/* Begin PBXProject section */
		4D0577A822887227006DBA73 /* Project object */ = {
			isa = PBXProject;
			attributes = {
				LastUpgradeCheck = 1020;
				ORGANIZATIONNAME = "Murat Eksi";
				TargetAttributes = {
					4D0577AF22887227006DBA73 = {
						CreatedOnToolsVersion = 10.2.1;
					};
					4D0577C522887228006DBA73 = {
						CreatedOnToolsVersion = 10.2.1;
						TestTargetID = 4D0577AF22887227006DBA73;
					};
					4D0577D022887228006DBA73 = {
						CreatedOnToolsVersion = 10.2.1;
						TestTargetID = 4D0577AF22887227006DBA73;
					};
				};
			};
			buildConfigurationList = 4D0577AB22887227006DBA73 /* Build configuration list for PBXProject "opengl-exercises" */;
			compatibilityVersion = "Xcode 9.3";
			developmentRegion = en;
			hasScannedForEncodings = 0;
			knownRegions = (
				en,
				Base,
			);
			mainGroup = 4D0577A722887227006DBA73;
			productRefGroup = 4D0577B122887227006DBA73 /* Products */;
			projectDirPath = "";
			projectRoot = "";
			targets = (
				4D0577AF22887227006DBA73 /* opengl-exercises */,
				4D0577C522887228006DBA73 /* opengl-exercisesTests */,
				4D0577D022887228006DBA73 /* opengl-exercisesUITests */,
			);
		};
/* End PBXProject section */

/* Begin PBXResourcesBuildPhase section */
		4D0577AE22887227006DBA73 /* Resources */ = {
			isa = PBXResourcesBuildPhase;
			buildActionMask = 2147483647;
			files = (
				4D0577BA22887228006DBA73 /* Assets.xcassets in Resources */,
				4D0577BD22887228006DBA73 /* Main.storyboard in Resources */,
			);
			runOnlyForDeploymentPostprocessing = 0;
		};
		4D0577C422887228006DBA73 /* Resources */ = {
			isa = PBXResourcesBuildPhase;
			buildActionMask = 2147483647;
			files = (
			);
			runOnlyForDeploymentPostprocessing = 0;
		};
		4D0577CF22887228006DBA73 /* Resources */ = {
			isa = PBXResourcesBuildPhase;
			buildActionMask = 2147483647;
			files = (
			);
			runOnlyForDeploymentPostprocessing = 0;
		};
/* End PBXResourcesBuildPhase section */

/* Begin PBXSourcesBuildPhase section */
		4D0577AC22887227006DBA73 /* Sources */ = {
			isa = PBXSourcesBuildPhase;
			buildActionMask = 2147483647;
			files = (
				4D0577B822887227006DBA73 /* ViewController.m in Sources */,
				4D0577C022887228006DBA73 /* main.m in Sources */,
				4D0577B522887227006DBA73 /* AppDelegate.m in Sources */,
			);
			runOnlyForDeploymentPostprocessing = 0;
		};
		4D0577C222887228006DBA73 /* Sources */ = {
			isa = PBXSourcesBuildPhase;
			buildActionMask = 2147483647;
			files = (
				4D0577CB22887228006DBA73 /* opengl_exercisesTests.m in Sources */,
			);
			runOnlyForDeploymentPostprocessing = 0;
		};
		4D0577CD22887228006DBA73 /* Sources */ = {
			isa = PBXSourcesBuildPhase;
			buildActionMask = 2147483647;
			files = (
				4D0577D622887228006DBA73 /* opengl_exercisesUITests.m in Sources */,
			);
			runOnlyForDeploymentPostprocessing = 0;
		};
/* End PBXSourcesBuildPhase section */

/* Begin PBXTargetDependency section */
		4D0577C822887228006DBA73 /* PBXTargetDependency */ = {
			isa = PBXTargetDependency;
			target = 4D0577AF22887227006DBA73 /* opengl-exercises */;
			targetProxy = 4D0577C722887228006DBA73 /* PBXContainerItemProxy */;
		};
		4D0577D322887228006DBA73 /* PBXTargetDependency */ = {
			isa = PBXTargetDependency;
			target = 4D0577AF22887227006DBA73 /* opengl-exercises */;
			targetProxy = 4D0577D222887228006DBA73 /* PBXContainerItemProxy */;
		};
/* End PBXTargetDependency section */

/* Begin PBXVariantGroup section */
		4D0577BB22887228006DBA73 /* Main.storyboard */ = {
			isa = PBXVariantGroup;
			children = (
				4D0577BC22887228006DBA73 /* Base */,
			);
			name = Main.storyboard;
			sourceTree = "<group>";
		};
/* End PBXVariantGroup section */

/* Begin XCBuildConfiguration section */
		4D0577D822887228006DBA73 /* Debug */ = {
			isa = XCBuildConfiguration;
			buildSettings = {
				ALWAYS_SEARCH_USER_PATHS = NO;
				CLANG_ANALYZER_NONNULL = YES;
				CLANG_ANALYZER_NUMBER_OBJECT_CONVERSION = YES_AGGRESSIVE;
				CLANG_CXX_LANGUAGE_STANDARD = "gnu++14";
				CLANG_CXX_LIBRARY = "libc++";
				CLANG_ENABLE_MODULES = YES;
				CLANG_ENABLE_OBJC_ARC = YES;
				CLANG_ENABLE_OBJC_WEAK = YES;
				CLANG_WARN_BLOCK_CAPTURE_AUTORELEASING = YES;
				CLANG_WARN_BOOL_CONVERSION = YES;
				CLANG_WARN_COMMA = YES;
				CLANG_WARN_CONSTANT_CONVERSION = YES;
				CLANG_WARN_DEPRECATED_OBJC_IMPLEMENTATIONS = YES;
				CLANG_WARN_DIRECT_OBJC_ISA_USAGE = YES_ERROR;
				CLANG_WARN_DOCUMENTATION_COMMENTS = YES;
				CLANG_WARN_EMPTY_BODY = YES;
				CLANG_WARN_ENUM_CONVERSION = YES;
				CLANG_WARN_INFINITE_RECURSION = YES;
				CLANG_WARN_INT_CONVERSION = YES;
				CLANG_WARN_NON_LITERAL_NULL_CONVERSION = YES;
				CLANG_WARN_OBJC_IMPLICIT_RETAIN_SELF = YES;
				CLANG_WARN_OBJC_LITERAL_CONVERSION = YES;
				CLANG_WARN_OBJC_ROOT_CLASS = YES_ERROR;
				CLANG_WARN_RANGE_LOOP_ANALYSIS = YES;
				CLANG_WARN_STRICT_PROTOTYPES = YES;
				CLANG_WARN_SUSPICIOUS_MOVE = YES;
				CLANG_WARN_UNGUARDED_AVAILABILITY = YES_AGGRESSIVE;
				CLANG_WARN_UNREACHABLE_CODE = YES;
				CLANG_WARN__DUPLICATE_METHOD_MATCH = YES;
				CODE_SIGN_IDENTITY = "-";
				COPY_PHASE_STRIP = NO;
				DEBUG_INFORMATION_FORMAT = dwarf;
				ENABLE_STRICT_OBJC_MSGSEND = YES;
				ENABLE_TESTABILITY = YES;
				GCC_C_LANGUAGE_STANDARD = gnu11;
				GCC_DYNAMIC_NO_PIC = NO;
				GCC_NO_COMMON_BLOCKS = YES;
				GCC_OPTIMIZATION_LEVEL = 0;
				GCC_PREPROCESSOR_DEFINITIONS = (
					"DEBUG=1",
					"$(inherited)",
				);
				GCC_WARN_64_TO_32_BIT_CONVERSION = YES;
				GCC_WARN_ABOUT_RETURN_TYPE = YES_ERROR;
				GCC_WARN_UNDECLARED_SELECTOR = YES;
				GCC_WARN_UNINITIALIZED_AUTOS = YES_AGGRESSIVE;
				GCC_WARN_UNUSED_FUNCTION = YES;
				GCC_WARN_UNUSED_VARIABLE = YES;
				MACOSX_DEPLOYMENT_TARGET = 10.14;
				MTL_ENABLE_DEBUG_INFO = INCLUDE_SOURCE;
				MTL_FAST_MATH = YES;
				ONLY_ACTIVE_ARCH = YES;
				SDKROOT = macosx;
			};
			name = Debug;
		};
		4D0577D922887228006DBA73 /* Release */ = {
			isa = XCBuildConfiguration;
			buildSettings = {
				ALWAYS_SEARCH_USER_PATHS = NO;
				CLANG_ANALYZER_NONNULL = YES;
				CLANG_ANALYZER_NUMBER_OBJECT_CONVERSION = YES_AGGRESSIVE;
				CLANG_CXX_LANGUAGE_STANDARD = "gnu++14";
				CLANG_CXX_LIBRARY = "libc++";
				CLANG_ENABLE_MODULES = YES;
				CLANG_ENABLE_OBJC_ARC = YES;
				CLANG_ENABLE_OBJC_WEAK = YES;
				CLANG_WARN_BLOCK_CAPTURE_AUTORELEASING = YES;
				CLANG_WARN_BOOL_CONVERSION = YES;
				CLANG_WARN_COMMA = YES;
				CLANG_WARN_CONSTANT_CONVERSION = YES;
				CLANG_WARN_DEPRECATED_OBJC_IMPLEMENTATIONS = YES;
				CLANG_WARN_DIRECT_OBJC_ISA_USAGE = YES_ERROR;
				CLANG_WARN_DOCUMENTATION_COMMENTS = YES;
				CLANG_WARN_EMPTY_BODY = YES;
				CLANG_WARN_ENUM_CONVERSION = YES;
				CLANG_WARN_INFINITE_RECURSION = YES;
				CLANG_WARN_INT_CONVERSION = YES;
				CLANG_WARN_NON_LITERAL_NULL_CONVERSION = YES;
				CLANG_WARN_OBJC_IMPLICIT_RETAIN_SELF = YES;
				CLANG_WARN_OBJC_LITERAL_CONVERSION = YES;
				CLANG_WARN_OBJC_ROOT_CLASS = YES_ERROR;
				CLANG_WARN_RANGE_LOOP_ANALYSIS = YES;
				CLANG_WARN_STRICT_PROTOTYPES = YES;
				CLANG_WARN_SUSPICIOUS_MOVE = YES;
				CLANG_WARN_UNGUARDED_AVAILABILITY = YES_AGGRESSIVE;
				CLANG_WARN_UNREACHABLE_CODE = YES;
				CLANG_WARN__DUPLICATE_METHOD_MATCH = YES;
				CODE_SIGN_IDENTITY = "-";
				COPY_PHASE_STRIP = NO;
				DEBUG_INFORMATION_FORMAT = "dwarf-with-dsym";
				ENABLE_NS_ASSERTIONS = NO;
				ENABLE_STRICT_OBJC_MSGSEND = YES;
				GCC_C_LANGUAGE_STANDARD = gnu11;
				GCC_NO_COMMON_BLOCKS = YES;
				GCC_WARN_64_TO_32_BIT_CONVERSION = YES;
				GCC_WARN_ABOUT_RETURN_TYPE = YES_ERROR;
				GCC_WARN_UNDECLARED_SELECTOR = YES;
				GCC_WARN_UNINITIALIZED_AUTOS = YES_AGGRESSIVE;
				GCC_WARN_UNUSED_FUNCTION = YES;
				GCC_WARN_UNUSED_VARIABLE = YES;
				MACOSX_DEPLOYMENT_TARGET = 10.14;
				MTL_ENABLE_DEBUG_INFO = NO;
				MTL_FAST_MATH = YES;
				SDKROOT = macosx;
			};
			name = Release;
		};
		4D0577DB22887228006DBA73 /* Debug */ = {
			isa = XCBuildConfiguration;
			buildSettings = {
				ASSETCATALOG_COMPILER_APPICON_NAME = AppIcon;
				CODE_SIGN_ENTITLEMENTS = "opengl-exercises/opengl_exercises.entitlements";
				CODE_SIGN_STYLE = Automatic;
				COMBINE_HIDPI_IMAGES = YES;
				INFOPLIST_FILE = "opengl-exercises/Info.plist";
				LD_RUNPATH_SEARCH_PATHS = (
					"$(inherited)",
					"@executable_path/../Frameworks",
				);
				PRODUCT_BUNDLE_IDENTIFIER = "murateksi.opengl-exercises";
				PRODUCT_NAME = "$(TARGET_NAME)";
			};
			name = Debug;
		};
		4D0577DC22887228006DBA73 /* Release */ = {
			isa = XCBuildConfiguration;
			buildSettings = {
				ASSETCATALOG_COMPILER_APPICON_NAME = AppIcon;
				CODE_SIGN_ENTITLEMENTS = "opengl-exercises/opengl_exercises.entitlements";
				CODE_SIGN_STYLE = Automatic;
				COMBINE_HIDPI_IMAGES = YES;
				INFOPLIST_FILE = "opengl-exercises/Info.plist";
				LD_RUNPATH_SEARCH_PATHS = (
					"$(inherited)",
					"@executable_path/../Frameworks",
				);
				PRODUCT_BUNDLE_IDENTIFIER = "murateksi.opengl-exercises";
				PRODUCT_NAME = "$(TARGET_NAME)";
			};
			name = Release;
		};
		4D0577DE22887228006DBA73 /* Debug */ = {
			isa = XCBuildConfiguration;
			buildSettings = {
				BUNDLE_LOADER = "$(TEST_HOST)";
				CODE_SIGN_STYLE = Automatic;
				COMBINE_HIDPI_IMAGES = YES;
				INFOPLIST_FILE = "opengl-exercisesTests/Info.plist";
				LD_RUNPATH_SEARCH_PATHS = (
					"$(inherited)",
					"@executable_path/../Frameworks",
					"@loader_path/../Frameworks",
				);
				PRODUCT_BUNDLE_IDENTIFIER = "murateksi.opengl-exercisesTests";
				PRODUCT_NAME = "$(TARGET_NAME)";
				TEST_HOST = "$(BUILT_PRODUCTS_DIR)/opengl-exercises.app/Contents/MacOS/opengl-exercises";
			};
			name = Debug;
		};
		4D0577DF22887228006DBA73 /* Release */ = {
			isa = XCBuildConfiguration;
			buildSettings = {
				BUNDLE_LOADER = "$(TEST_HOST)";
				CODE_SIGN_STYLE = Automatic;
				COMBINE_HIDPI_IMAGES = YES;
				INFOPLIST_FILE = "opengl-exercisesTests/Info.plist";
				LD_RUNPATH_SEARCH_PATHS = (
					"$(inherited)",
					"@executable_path/../Frameworks",
					"@loader_path/../Frameworks",
				);
				PRODUCT_BUNDLE_IDENTIFIER = "murateksi.opengl-exercisesTests";
				PRODUCT_NAME = "$(TARGET_NAME)";
				TEST_HOST = "$(BUILT_PRODUCTS_DIR)/opengl-exercises.app/Contents/MacOS/opengl-exercises";
			};
			name = Release;
		};
		4D0577E122887228006DBA73 /* Debug */ = {
			isa = XCBuildConfiguration;
			buildSettings = {
				CODE_SIGN_STYLE = Automatic;
				COMBINE_HIDPI_IMAGES = YES;
				INFOPLIST_FILE = "opengl-exercisesUITests/Info.plist";
				LD_RUNPATH_SEARCH_PATHS = (
					"$(inherited)",
					"@executable_path/../Frameworks",
					"@loader_path/../Frameworks",
				);
				PRODUCT_BUNDLE_IDENTIFIER = "murateksi.opengl-exercisesUITests";
				PRODUCT_NAME = "$(TARGET_NAME)";
				TEST_TARGET_NAME = "opengl-exercises";
			};
			name = Debug;
		};
		4D0577E222887228006DBA73 /* Release */ = {
			isa = XCBuildConfiguration;
			buildSettings = {
				CODE_SIGN_STYLE = Automatic;
				COMBINE_HIDPI_IMAGES = YES;
				INFOPLIST_FILE = "opengl-exercisesUITests/Info.plist";
				LD_RUNPATH_SEARCH_PATHS = (
					"$(inherited)",
					"@executable_path/../Frameworks",
					"@loader_path/../Frameworks",
				);
				PRODUCT_BUNDLE_IDENTIFIER = "murateksi.opengl-exercisesUITests";
				PRODUCT_NAME = "$(TARGET_NAME)";
				TEST_TARGET_NAME = "opengl-exercises";
			};
			name = Release;
		};
/* End XCBuildConfiguration section */

/* Begin XCConfigurationList section */
		4D0577AB22887227006DBA73 /* Build configuration list for PBXProject "opengl-exercises" */ = {
			isa = XCConfigurationList;
			buildConfigurations = (
				4D0577D822887228006DBA73 /* Debug */,
				4D0577D922887228006DBA73 /* Release */,
			);
			defaultConfigurationIsVisible = 0;
			defaultConfigurationName = Release;
		};
		4D0577DA22887228006DBA73 /* Build configuration list for PBXNativeTarget "opengl-exercises" */ = {
			isa = XCConfigurationList;
			buildConfigurations = (
				4D0577DB22887228006DBA73 /* Debug */,
				4D0577DC22887228006DBA73 /* Release */,
			);
			defaultConfigurationIsVisible = 0;
			defaultConfigurationName = Release;
		};
		4D0577DD22887228006DBA73 /* Build configuration list for PBXNativeTarget "opengl-exercisesTests" */ = {
			isa = XCConfigurationList;
			buildConfigurations = (
				4D0577DE22887228006DBA73 /* Debug */,
				4D0577DF22887228006DBA73 /* Release */,
			);
			defaultConfigurationIsVisible = 0;
			defaultConfigurationName = Release;
		};
		4D0577E022887228006DBA73 /* Build configuration list for PBXNativeTarget "opengl-exercisesUITests" */ = {
			isa = XCConfigurationList;
			buildConfigurations = (
				4D0577E122887228006DBA73 /* Debug */,
				4D0577E222887228006DBA73 /* Release */,
			);
			defaultConfigurationIsVisible = 0;
			defaultConfigurationName = Release;
		};
/* End XCConfigurationList section */
	};
	rootObject = 4D0577A822887227006DBA73 /* Project object */;
}
